
Microsoft Visual Studio Solution File, Format Version 12.00
# Visual Studio Express 2012 for Windows Desktop
Project("{F184B08F-C81C-45F6-A57F-5ABD9991F28F}") = "Exercise5.4BreonDay", "Exercise5.4BreonDay\Exercise5.4BreonDay.vbproj", "{223DDB2C-D67A-4518-861F-4B91DF6BC5A3}"
EndProject
Global
	GlobalSection(SolutionConfigurationPlatforms) = preSolution
		Debug|Any CPU = Debug|Any CPU
		Release|Any CPU = Release|Any CPU
	EndGlobalSection
	GlobalSection(ProjectConfigurationPlatforms) = postSolution
		{223DDB2C-D67A-4518-861F-4B91DF6BC5A3}.Debug|Any CPU.ActiveCfg = Debug|Any CPU
		{223DDB2C-D67A-4518-861F-4B91DF6BC5A3}.Debug|Any CPU.Build.0 = Debug|Any CPU
		{223DDB2C-D67A-4518-861F-4B91DF6BC5A3}.Release|Any CPU.ActiveCfg = Release|Any CPU
		{223DDB2C-D67A-4518-861F-4B91DF6BC5A3}.Release|Any CPU.Build.0 = Release|Any CPU
	EndGlobalSection
	GlobalSection(SolutionProperties) = preSolution
		HideSolutionNode = FALSE
	EndGlobalSection
EndGlobal
