
Microsoft Visual Studio Solution File, Format Version 12.00
# Visual Studio Express 2012 for Windows Desktop
Project("{F184B08F-C81C-45F6-A57F-5ABD9991F28F}") = "BreonDayExercise3.5Assignment2", "BreonDayExercise3.5Assignment2\BreonDayExercise3.5Assignment2.vbproj", "{E971C418-8190-4CFC-91C5-449BFFF4209A}"
EndProject
Global
	GlobalSection(SolutionConfigurationPlatforms) = preSolution
		Debug|Any CPU = Debug|Any CPU
		Release|Any CPU = Release|Any CPU
	EndGlobalSection
	GlobalSection(ProjectConfigurationPlatforms) = postSolution
		{E971C418-8190-4CFC-91C5-449BFFF4209A}.Debug|Any CPU.ActiveCfg = Debug|Any CPU
		{E971C418-8190-4CFC-91C5-449BFFF4209A}.Debug|Any CPU.Build.0 = Debug|Any CPU
		{E971C418-8190-4CFC-91C5-449BFFF4209A}.Release|Any CPU.ActiveCfg = Release|Any CPU
		{E971C418-8190-4CFC-91C5-449BFFF4209A}.Release|Any CPU.Build.0 = Release|Any CPU
	EndGlobalSection
	GlobalSection(SolutionProperties) = preSolution
		HideSolutionNode = FALSE
	EndGlobalSection
EndGlobal
