
Microsoft Visual Studio Solution File, Format Version 12.00
# Visual Studio Express 2012 for Windows Desktop
Project("{F184B08F-C81C-45F6-A57F-5ABD9991F28F}") = "BreonDayHwAsmnt2", "BreonDayHwAsmnt2\BreonDayHwAsmnt2.vbproj", "{188CB8FF-D8A5-46CE-976E-2B338554F8D7}"
EndProject
Global
	GlobalSection(SolutionConfigurationPlatforms) = preSolution
		Debug|Any CPU = Debug|Any CPU
		Release|Any CPU = Release|Any CPU
	EndGlobalSection
	GlobalSection(ProjectConfigurationPlatforms) = postSolution
		{188CB8FF-D8A5-46CE-976E-2B338554F8D7}.Debug|Any CPU.ActiveCfg = Debug|Any CPU
		{188CB8FF-D8A5-46CE-976E-2B338554F8D7}.Debug|Any CPU.Build.0 = Debug|Any CPU
		{188CB8FF-D8A5-46CE-976E-2B338554F8D7}.Release|Any CPU.ActiveCfg = Release|Any CPU
		{188CB8FF-D8A5-46CE-976E-2B338554F8D7}.Release|Any CPU.Build.0 = Release|Any CPU
	EndGlobalSection
	GlobalSection(SolutionProperties) = preSolution
		HideSolutionNode = FALSE
	EndGlobalSection
EndGlobal
